
Microsoft Visual Studio Solution File, Format Version 12.00
# Visual Studio Version 17
VisualStudioVersion = 17.11.35327.3
MinimumVisualStudioVersion = 10.0.40219.1
Project("{FAE04EC0-301F-11D3-BF4B-00C04F79EFBC}") = "flight", "flight\flight.csproj", "{ACFCDF50-F357-4500-A570-ABF983357D0D}"
EndProject
Global
	GlobalSection(SolutionConfigurationPlatforms) = preSolution
		Debug|Any CPU = Debug|Any CPU
		Release|Any CPU = Release|Any CPU
	EndGlobalSection
	GlobalSection(ProjectConfigurationPlatforms) = postSolution
		{ACFCDF50-F357-4500-A570-ABF983357D0D}.Debug|Any CPU.ActiveCfg = Debug|Any CPU
		{ACFCDF50-F357-4500-A570-ABF983357D0D}.Debug|Any CPU.Build.0 = Debug|Any CPU
		{ACFCDF50-F357-4500-A570-ABF983357D0D}.Release|Any CPU.ActiveCfg = Release|Any CPU
		{ACFCDF50-F357-4500-A570-ABF983357D0D}.Release|Any CPU.Build.0 = Release|Any CPU
	EndGlobalSection
	GlobalSection(SolutionProperties) = preSolution
		HideSolutionNode = FALSE
	EndGlobalSection
	GlobalSection(ExtensibilityGlobals) = postSolution
		SolutionGuid = {F8A07201-ED81-49CD-82DA-FFD32B228E62}
	EndGlobalSection
EndGlobal
